
Microsoft Visual Studio Solution File, Format Version 12.00
# Visual Studio Version 16
VisualStudioVersion = 16.0.32126.315
MinimumVisualStudioVersion = 10.0.40219.1
Project("{FAE04EC0-301F-11D3-BF4B-00C04F79EFBC}") = "CascadeWPF", "CascadeWPF\CascadeWPF.csproj", "{8DA960AD-1FFC-4071-B60A-8B5B97EFC79A}"
EndProject
Global
	GlobalSection(SolutionConfigurationPlatforms) = preSolution
		Debug|Any CPU = Debug|Any CPU
		Release|Any CPU = Release|Any CPU
	EndGlobalSection
	GlobalSection(ProjectConfigurationPlatforms) = postSolution
		{8DA960AD-1FFC-4071-B60A-8B5B97EFC79A}.Debug|Any CPU.ActiveCfg = Debug|Any CPU
		{8DA960AD-1FFC-4071-B60A-8B5B97EFC79A}.Debug|Any CPU.Build.0 = Debug|Any CPU
		{8DA960AD-1FFC-4071-B60A-8B5B97EFC79A}.Release|Any CPU.ActiveCfg = Release|Any CPU
		{8DA960AD-1FFC-4071-B60A-8B5B97EFC79A}.Release|Any CPU.Build.0 = Release|Any CPU
	EndGlobalSection
	GlobalSection(SolutionProperties) = preSolution
		HideSolutionNode = FALSE
	EndGlobalSection
	GlobalSection(ExtensibilityGlobals) = postSolution
		SolutionGuid = {317E02AC-A3DD-4366-A474-E6CD9D0580CF}
	EndGlobalSection
EndGlobal
